// !$*UTF8*$!
{
	archiveVersion = 1;
	classes = {
	};
	objectVersion = 51;
	objects = {

/* Begin PBXBuildFile section */
		7C3954DC2624D14600D9742C /* Constants.swift in Sources */ = {isa = PBXBuildFile; fileRef = 7C3954DB2624D14600D9742C /* Constants.swift */; };
		7C4532542624D71800CABB2B /* Router.swift in Sources */ = {isa = PBXBuildFile; fileRef = 7C4532532624D71800CABB2B /* Router.swift */; };
		7C4532572624D8DF00CABB2B /* WeatherData.swift in Sources */ = {isa = PBXBuildFile; fileRef = 7C4532562624D8DF00CABB2B /* WeatherData.swift */; };
		7C45325D2624DB1200CABB2B /* WeeklyWeatherViewController.swift in Sources */ = {isa = PBXBuildFile; fileRef = 7C45325C2624DB1200CABB2B /* WeeklyWeatherViewController.swift */; };
		7CDEC53E2624CFBB008289EF /* AppDelegate.swift in Sources */ = {isa = PBXBuildFile; fileRef = 7CDEC53D2624CFBB008289EF /* AppDelegate.swift */; };
		7CDEC5402624CFBB008289EF /* SceneDelegate.swift in Sources */ = {isa = PBXBuildFile; fileRef = 7CDEC53F2624CFBB008289EF /* SceneDelegate.swift */; };
		7CDEC5422624CFBB008289EF /* DailyWeatherViewController.swift in Sources */ = {isa = PBXBuildFile; fileRef = 7CDEC5412624CFBB008289EF /* DailyWeatherViewController.swift */; };
		7CDEC5452624CFBB008289EF /* Main.storyboard in Resources */ = {isa = PBXBuildFile; fileRef = 7CDEC5432624CFBB008289EF /* Main.storyboard */; };
		7CDEC5472624CFBD008289EF /* Assets.xcassets in Resources */ = {isa = PBXBuildFile; fileRef = 7CDEC5462624CFBD008289EF /* Assets.xcassets */; };
		7CDEC54A2624CFBD008289EF /* LaunchScreen.storyboard in Resources */ = {isa = PBXBuildFile; fileRef = 7CDEC5482624CFBD008289EF /* LaunchScreen.storyboard */; };
		961F8E5CB07AEFB4D1A76558 /* Pods_iWeather.framework in Frameworks */ = {isa = PBXBuildFile; fileRef = CDF6CE81462F65A19AD275A9 /* Pods_iWeather.framework */; };
/* End PBXBuildFile section */

/* Begin PBXFileReference section */
		7C3954DB2624D14600D9742C /* Constants.swift */ = {isa = PBXFileReference; lastKnownFileType = sourcecode.swift; path = Constants.swift; sourceTree = "<group>"; };
		7C4532532624D71800CABB2B /* Router.swift */ = {isa = PBXFileReference; lastKnownFileType = sourcecode.swift; path = Router.swift; sourceTree = "<group>"; };
		7C4532562624D8DF00CABB2B /* WeatherData.swift */ = {isa = PBXFileReference; lastKnownFileType = sourcecode.swift; path = WeatherData.swift; sourceTree = "<group>"; };
		7C45325C2624DB1200CABB2B /* WeeklyWeatherViewController.swift */ = {isa = PBXFileReference; lastKnownFileType = sourcecode.swift; path = WeeklyWeatherViewController.swift; sourceTree = "<group>"; };
		7CDEC53A2624CFBB008289EF /* iWeather.app */ = {isa = PBXFileReference; explicitFileType = wrapper.application; includeInIndex = 0; path = iWeather.app; sourceTree = BUILT_PRODUCTS_DIR; };
		7CDEC53D2624CFBB008289EF /* AppDelegate.swift */ = {isa = PBXFileReference; lastKnownFileType = sourcecode.swift; path = AppDelegate.swift; sourceTree = "<group>"; };
		7CDEC53F2624CFBB008289EF /* SceneDelegate.swift */ = {isa = PBXFileReference; lastKnownFileType = sourcecode.swift; path = SceneDelegate.swift; sourceTree = "<group>"; };
		7CDEC5412624CFBB008289EF /* DailyWeatherViewController.swift */ = {isa = PBXFileReference; lastKnownFileType = sourcecode.swift; path = DailyWeatherViewController.swift; sourceTree = "<group>"; };
		7CDEC5442624CFBB008289EF /* Base */ = {isa = PBXFileReference; lastKnownFileType = file.storyboard; name = Base; path = Base.lproj/Main.storyboard; sourceTree = "<group>"; };
		7CDEC5462624CFBD008289EF /* Assets.xcassets */ = {isa = PBXFileReference; lastKnownFileType = folder.assetcatalog; path = Assets.xcassets; sourceTree = "<group>"; };
		7CDEC5492624CFBD008289EF /* Base */ = {isa = PBXFileReference; lastKnownFileType = file.storyboard; name = Base; path = Base.lproj/LaunchScreen.storyboard; sourceTree = "<group>"; };
		7CDEC54B2624CFBD008289EF /* Info.plist */ = {isa = PBXFileReference; lastKnownFileType = text.plist.xml; path = Info.plist; sourceTree = "<group>"; };
		CDF6CE81462F65A19AD275A9 /* Pods_iWeather.framework */ = {isa = PBXFileReference; explicitFileType = wrapper.framework; includeInIndex = 0; path = Pods_iWeather.framework; sourceTree = BUILT_PRODUCTS_DIR; };
		DCB17833E54D4F12FABB5EB6 /* Pods-iWeather.release.xcconfig */ = {isa = PBXFileReference; includeInIndex = 1; lastKnownFileType = text.xcconfig; name = "Pods-iWeather.release.xcconfig"; path = "Target Support Files/Pods-iWeather/Pods-iWeather.release.xcconfig"; sourceTree = "<group>"; };
		F4324799BA04E3448D8D7014 /* Pods-iWeather.debug.xcconfig */ = {isa = PBXFileReference; includeInIndex = 1; lastKnownFileType = text.xcconfig; name = "Pods-iWeather.debug.xcconfig"; path = "Target Support Files/Pods-iWeather/Pods-iWeather.debug.xcconfig"; sourceTree = "<group>"; };
/* End PBXFileReference section */

/* Begin PBXFrameworksBuildPhase section */
		7CDEC5372624CFBB008289EF /* Frameworks */ = {
			isa = PBXFrameworksBuildPhase;
			buildActionMask = 2147483647;
			files = (
				961F8E5CB07AEFB4D1A76558 /* Pods_iWeather.framework in Frameworks */,
			);
			runOnlyForDeploymentPostprocessing = 0;
		};
/* End PBXFrameworksBuildPhase section */

/* Begin PBXGroup section */
		07D099DA5EBE43A12D836248 /* Pods */ = {
			isa = PBXGroup;
			children = (
				F4324799BA04E3448D8D7014 /* Pods-iWeather.debug.xcconfig */,
				DCB17833E54D4F12FABB5EB6 /* Pods-iWeather.release.xcconfig */,
			);
			path = Pods;
			sourceTree = "<group>";
		};
		7C3954DA2624D13A00D9742C /* Utilities */ = {
			isa = PBXGroup;
			children = (
				7C3954DB2624D14600D9742C /* Constants.swift */,
				7C4532532624D71800CABB2B /* Router.swift */,
			);
			path = Utilities;
			sourceTree = "<group>";
		};
		7CDEC5312624CFBB008289EF = {
			isa = PBXGroup;
			children = (
				7CDEC53C2624CFBB008289EF /* iWeather */,
				7CDEC53B2624CFBB008289EF /* Products */,
				07D099DA5EBE43A12D836248 /* Pods */,
				E0A5106783F8E15D14D80BB0 /* Frameworks */,
			);
			sourceTree = "<group>";
		};
		7CDEC53B2624CFBB008289EF /* Products */ = {
			isa = PBXGroup;
			children = (
				7CDEC53A2624CFBB008289EF /* iWeather.app */,
			);
			name = Products;
			sourceTree = "<group>";
		};
		7CDEC53C2624CFBB008289EF /* iWeather */ = {
			isa = PBXGroup;
			children = (
				7C3954DA2624D13A00D9742C /* Utilities */,
				7CDEC5552624D056008289EF /* Presenter */,
				7CDEC5542624D051008289EF /* View */,
				7CDEC5522624D03E008289EF /* Model */,
				7CDEC53D2624CFBB008289EF /* AppDelegate.swift */,
				7CDEC53F2624CFBB008289EF /* SceneDelegate.swift */,
				7CDEC5462624CFBD008289EF /* Assets.xcassets */,
				7CDEC5482624CFBD008289EF /* LaunchScreen.storyboard */,
				7CDEC54B2624CFBD008289EF /* Info.plist */,
			);
			path = iWeather;
			sourceTree = "<group>";
		};
		7CDEC5522624D03E008289EF /* Model */ = {
			isa = PBXGroup;
			children = (
				7C4532562624D8DF00CABB2B /* WeatherData.swift */,
			);
			path = Model;
			sourceTree = "<group>";
		};
		7CDEC5542624D051008289EF /* View */ = {
			isa = PBXGroup;
			children = (
				7CDEC5432624CFBB008289EF /* Main.storyboard */,
				7CDEC5412624CFBB008289EF /* DailyWeatherViewController.swift */,
				7C45325C2624DB1200CABB2B /* WeeklyWeatherViewController.swift */,
			);
			path = View;
			sourceTree = "<group>";
		};
		7CDEC5552624D056008289EF /* Presenter */ = {
			isa = PBXGroup;
			children = (
			);
			path = Presenter;
			sourceTree = "<group>";
		};
		E0A5106783F8E15D14D80BB0 /* Frameworks */ = {
			isa = PBXGroup;
			children = (
				CDF6CE81462F65A19AD275A9 /* Pods_iWeather.framework */,
			);
			name = Frameworks;
			sourceTree = "<group>";
		};
/* End PBXGroup section */

/* Begin PBXNativeTarget section */
		7CDEC5392624CFBB008289EF /* iWeather */ = {
			isa = PBXNativeTarget;
			buildConfigurationList = 7CDEC54E2624CFBD008289EF /* Build configuration list for PBXNativeTarget "iWeather" */;
			buildPhases = (
				536B18840B64B679A77E80CB /* [CP] Check Pods Manifest.lock */,
				7CDEC5362624CFBB008289EF /* Sources */,
				7CDEC5372624CFBB008289EF /* Frameworks */,
				7CDEC5382624CFBB008289EF /* Resources */,
				109FB2912FF9128151A03638 /* [CP] Embed Pods Frameworks */,
				7C4532592624DA0700CABB2B /* ShellScript */,
			);
			buildRules = (
			);
			dependencies = (
			);
			name = iWeather;
			productName = iWeather;
			productReference = 7CDEC53A2624CFBB008289EF /* iWeather.app */;
			productType = "com.apple.product-type.application";
		};
/* End PBXNativeTarget section */

/* Begin PBXProject section */
		7CDEC5322624CFBB008289EF /* Project object */ = {
			isa = PBXProject;
			attributes = {
				LastSwiftUpdateCheck = 1240;
				LastUpgradeCheck = 1240;
				TargetAttributes = {
					7CDEC5392624CFBB008289EF = {
						CreatedOnToolsVersion = 12.4;
					};
				};
			};
			buildConfigurationList = 7CDEC5352624CFBB008289EF /* Build configuration list for PBXProject "iWeather" */;
			compatibilityVersion = "Xcode 9.3";
			developmentRegion = en;
			hasScannedForEncodings = 0;
			knownRegions = (
				en,
				Base,
			);
			mainGroup = 7CDEC5312624CFBB008289EF;
			productRefGroup = 7CDEC53B2624CFBB008289EF /* Products */;
			projectDirPath = "";
			projectRoot = "";
			targets = (
				7CDEC5392624CFBB008289EF /* iWeather */,
			);
		};
/* End PBXProject section */

/* Begin PBXResourcesBuildPhase section */
		7CDEC5382624CFBB008289EF /* Resources */ = {
			isa = PBXResourcesBuildPhase;
			buildActionMask = 2147483647;
			files = (
				7CDEC54A2624CFBD008289EF /* LaunchScreen.storyboard in Resources */,
				7CDEC5472624CFBD008289EF /* Assets.xcassets in Resources */,
				7CDEC5452624CFBB008289EF /* Main.storyboard in Resources */,
			);
			runOnlyForDeploymentPostprocessing = 0;
		};
/* End PBXResourcesBuildPhase section */

/* Begin PBXShellScriptBuildPhase section */
		109FB2912FF9128151A03638 /* [CP] Embed Pods Frameworks */ = {
			isa = PBXShellScriptBuildPhase;
			buildActionMask = 2147483647;
			files = (
			);
			inputFileListPaths = (
				"${PODS_ROOT}/Target Support Files/Pods-iWeather/Pods-iWeather-frameworks-${CONFIGURATION}-input-files.xcfilelist",
			);
			name = "[CP] Embed Pods Frameworks";
			outputFileListPaths = (
				"${PODS_ROOT}/Target Support Files/Pods-iWeather/Pods-iWeather-frameworks-${CONFIGURATION}-output-files.xcfilelist",
			);
			runOnlyForDeploymentPostprocessing = 0;
			shellPath = /bin/sh;
			shellScript = "\"${PODS_ROOT}/Target Support Files/Pods-iWeather/Pods-iWeather-frameworks.sh\"\n";
			showEnvVarsInLog = 0;
		};
		536B18840B64B679A77E80CB /* [CP] Check Pods Manifest.lock */ = {
			isa = PBXShellScriptBuildPhase;
			buildActionMask = 2147483647;
			files = (
			);
			inputFileListPaths = (
			);
			inputPaths = (
				"${PODS_PODFILE_DIR_PATH}/Podfile.lock",
				"${PODS_ROOT}/Manifest.lock",
			);
			name = "[CP] Check Pods Manifest.lock";
			outputFileListPaths = (
			);
			outputPaths = (
				"$(DERIVED_FILE_DIR)/Pods-iWeather-checkManifestLockResult.txt",
			);
			runOnlyForDeploymentPostprocessing = 0;
			shellPath = /bin/sh;
			shellScript = "diff \"${PODS_PODFILE_DIR_PATH}/Podfile.lock\" \"${PODS_ROOT}/Manifest.lock\" > /dev/null\nif [ $? != 0 ] ; then\n    # print error to STDERR\n    echo \"error: The sandbox is not in sync with the Podfile.lock. Run 'pod install' or update your CocoaPods installation.\" >&2\n    exit 1\nfi\n# This output is used by Xcode 'outputs' to avoid re-running this script phase.\necho \"SUCCESS\" > \"${SCRIPT_OUTPUT_FILE_0}\"\n";
			showEnvVarsInLog = 0;
		};
		7C4532592624DA0700CABB2B /* ShellScript */ = {
			isa = PBXShellScriptBuildPhase;
			buildActionMask = 2147483647;
			files = (
			);
			inputFileListPaths = (
			);
			inputPaths = (
			);
			outputFileListPaths = (
			);
			outputPaths = (
			);
			runOnlyForDeploymentPostprocessing = 0;
			shellPath = /bin/sh;
			shellScript = "# Type a script or drag a script file from your workspace to insert its path.\nif which swiftlint >/dev/null; then\n  swiftlint\nelse\n  echo \"warning: SwiftLint not installed, download from https://github.com/realm/SwiftLint\"\nfi\n";
		};
/* End PBXShellScriptBuildPhase section */

/* Begin PBXSourcesBuildPhase section */
		7CDEC5362624CFBB008289EF /* Sources */ = {
			isa = PBXSourcesBuildPhase;
			buildActionMask = 2147483647;
			files = (
				7CDEC5422624CFBB008289EF /* DailyWeatherViewController.swift in Sources */,
				7CDEC53E2624CFBB008289EF /* AppDelegate.swift in Sources */,
				7C4532542624D71800CABB2B /* Router.swift in Sources */,
				7C45325D2624DB1200CABB2B /* WeeklyWeatherViewController.swift in Sources */,
				7CDEC5402624CFBB008289EF /* SceneDelegate.swift in Sources */,
				7C4532572624D8DF00CABB2B /* WeatherData.swift in Sources */,
				7C3954DC2624D14600D9742C /* Constants.swift in Sources */,
			);
			runOnlyForDeploymentPostprocessing = 0;
		};
/* End PBXSourcesBuildPhase section */

/* Begin PBXVariantGroup section */
		7CDEC5432624CFBB008289EF /* Main.storyboard */ = {
			isa = PBXVariantGroup;
			children = (
				7CDEC5442624CFBB008289EF /* Base */,
			);
			name = Main.storyboard;
			sourceTree = "<group>";
		};
		7CDEC5482624CFBD008289EF /* LaunchScreen.storyboard */ = {
			isa = PBXVariantGroup;
			children = (
				7CDEC5492624CFBD008289EF /* Base */,
			);
			name = LaunchScreen.storyboard;
			sourceTree = "<group>";
		};
/* End PBXVariantGroup section */

/* Begin XCBuildConfiguration section */
		7CDEC54C2624CFBD008289EF /* Debug */ = {
			isa = XCBuildConfiguration;
			buildSettings = {
				ALWAYS_SEARCH_USER_PATHS = NO;
				CLANG_ANALYZER_NONNULL = YES;
				CLANG_ANALYZER_NUMBER_OBJECT_CONVERSION = YES_AGGRESSIVE;
				CLANG_CXX_LANGUAGE_STANDARD = "gnu++14";
				CLANG_CXX_LIBRARY = "libc++";
				CLANG_ENABLE_MODULES = YES;
				CLANG_ENABLE_OBJC_ARC = YES;
				CLANG_ENABLE_OBJC_WEAK = YES;
				CLANG_WARN_BLOCK_CAPTURE_AUTORELEASING = YES;
				CLANG_WARN_BOOL_CONVERSION = YES;
				CLANG_WARN_COMMA = YES;
				CLANG_WARN_CONSTANT_CONVERSION = YES;
				CLANG_WARN_DEPRECATED_OBJC_IMPLEMENTATIONS = YES;
				CLANG_WARN_DIRECT_OBJC_ISA_USAGE = YES_ERROR;
				CLANG_WARN_DOCUMENTATION_COMMENTS = YES;
				CLANG_WARN_EMPTY_BODY = YES;
				CLANG_WARN_ENUM_CONVERSION = YES;
				CLANG_WARN_INFINITE_RECURSION = YES;
				CLANG_WARN_INT_CONVERSION = YES;
				CLANG_WARN_NON_LITERAL_NULL_CONVERSION = YES;
				CLANG_WARN_OBJC_IMPLICIT_RETAIN_SELF = YES;
				CLANG_WARN_OBJC_LITERAL_CONVERSION = YES;
				CLANG_WARN_OBJC_ROOT_CLASS = YES_ERROR;
				CLANG_WARN_QUOTED_INCLUDE_IN_FRAMEWORK_HEADER = YES;
				CLANG_WARN_RANGE_LOOP_ANALYSIS = YES;
				CLANG_WARN_STRICT_PROTOTYPES = YES;
				CLANG_WARN_SUSPICIOUS_MOVE = YES;
				CLANG_WARN_UNGUARDED_AVAILABILITY = YES_AGGRESSIVE;
				CLANG_WARN_UNREACHABLE_CODE = YES;
				CLANG_WARN__DUPLICATE_METHOD_MATCH = YES;
				COPY_PHASE_STRIP = NO;
				DEBUG_INFORMATION_FORMAT = dwarf;
				ENABLE_STRICT_OBJC_MSGSEND = YES;
				ENABLE_TESTABILITY = YES;
				GCC_C_LANGUAGE_STANDARD = gnu11;
				GCC_DYNAMIC_NO_PIC = NO;
				GCC_NO_COMMON_BLOCKS = YES;
				GCC_OPTIMIZATION_LEVEL = 0;
				GCC_PREPROCESSOR_DEFINITIONS = (
					"DEBUG=1",
					"$(inherited)",
				);
				GCC_WARN_64_TO_32_BIT_CONVERSION = YES;
				GCC_WARN_ABOUT_RETURN_TYPE = YES_ERROR;
				GCC_WARN_UNDECLARED_SELECTOR = YES;
				GCC_WARN_UNINITIALIZED_AUTOS = YES_AGGRESSIVE;
				GCC_WARN_UNUSED_FUNCTION = YES;
				GCC_WARN_UNUSED_VARIABLE = YES;
				IPHONEOS_DEPLOYMENT_TARGET = 14.4;
				MTL_ENABLE_DEBUG_INFO = INCLUDE_SOURCE;
				MTL_FAST_MATH = YES;
				ONLY_ACTIVE_ARCH = YES;
				SDKROOT = iphoneos;
				SWIFT_ACTIVE_COMPILATION_CONDITIONS = DEBUG;
				SWIFT_OPTIMIZATION_LEVEL = "-Onone";
			};
			name = Debug;
		};
		7CDEC54D2624CFBD008289EF /* Release */ = {
			isa = XCBuildConfiguration;
			buildSettings = {
				ALWAYS_SEARCH_USER_PATHS = NO;
				CLANG_ANALYZER_NONNULL = YES;
				CLANG_ANALYZER_NUMBER_OBJECT_CONVERSION = YES_AGGRESSIVE;
				CLANG_CXX_LANGUAGE_STANDARD = "gnu++14";
				CLANG_CXX_LIBRARY = "libc++";
				CLANG_ENABLE_MODULES = YES;
				CLANG_ENABLE_OBJC_ARC = YES;
				CLANG_ENABLE_OBJC_WEAK = YES;
				CLANG_WARN_BLOCK_CAPTURE_AUTORELEASING = YES;
				CLANG_WARN_BOOL_CONVERSION = YES;
				CLANG_WARN_COMMA = YES;
				CLANG_WARN_CONSTANT_CONVERSION = YES;
				CLANG_WARN_DEPRECATED_OBJC_IMPLEMENTATIONS = YES;
				CLANG_WARN_DIRECT_OBJC_ISA_USAGE = YES_ERROR;
				CLANG_WARN_DOCUMENTATION_COMMENTS = YES;
				CLANG_WARN_EMPTY_BODY = YES;
				CLANG_WARN_ENUM_CONVERSION = YES;
				CLANG_WARN_INFINITE_RECURSION = YES;
				CLANG_WARN_INT_CONVERSION = YES;
				CLANG_WARN_NON_LITERAL_NULL_CONVERSION = YES;
				CLANG_WARN_OBJC_IMPLICIT_RETAIN_SELF = YES;
				CLANG_WARN_OBJC_LITERAL_CONVERSION = YES;
				CLANG_WARN_OBJC_ROOT_CLASS = YES_ERROR;
				CLANG_WARN_QUOTED_INCLUDE_IN_FRAMEWORK_HEADER = YES;
				CLANG_WARN_RANGE_LOOP_ANALYSIS = YES;
				CLANG_WARN_STRICT_PROTOTYPES = YES;
				CLANG_WARN_SUSPICIOUS_MOVE = YES;
				CLANG_WARN_UNGUARDED_AVAILABILITY = YES_AGGRESSIVE;
				CLANG_WARN_UNREACHABLE_CODE = YES;
				CLANG_WARN__DUPLICATE_METHOD_MATCH = YES;
				COPY_PHASE_STRIP = NO;
				DEBUG_INFORMATION_FORMAT = "dwarf-with-dsym";
				ENABLE_NS_ASSERTIONS = NO;
				ENABLE_STRICT_OBJC_MSGSEND = YES;
				GCC_C_LANGUAGE_STANDARD = gnu11;
				GCC_NO_COMMON_BLOCKS = YES;
				GCC_WARN_64_TO_32_BIT_CONVERSION = YES;
				GCC_WARN_ABOUT_RETURN_TYPE = YES_ERROR;
				GCC_WARN_UNDECLARED_SELECTOR = YES;
				GCC_WARN_UNINITIALIZED_AUTOS = YES_AGGRESSIVE;
				GCC_WARN_UNUSED_FUNCTION = YES;
				GCC_WARN_UNUSED_VARIABLE = YES;
				IPHONEOS_DEPLOYMENT_TARGET = 14.4;
				MTL_ENABLE_DEBUG_INFO = NO;
				MTL_FAST_MATH = YES;
				SDKROOT = iphoneos;
				SWIFT_COMPILATION_MODE = wholemodule;
				SWIFT_OPTIMIZATION_LEVEL = "-O";
				VALIDATE_PRODUCT = YES;
			};
			name = Release;
		};
		7CDEC54F2624CFBD008289EF /* Debug */ = {
			isa = XCBuildConfiguration;
			baseConfigurationReference = F4324799BA04E3448D8D7014 /* Pods-iWeather.debug.xcconfig */;
			buildSettings = {
				ASSETCATALOG_COMPILER_APPICON_NAME = AppIcon;
				ASSETCATALOG_COMPILER_GLOBAL_ACCENT_COLOR_NAME = AccentColor;
				CODE_SIGN_STYLE = Automatic;
				DEVELOPMENT_TEAM = NF6L68DRU6;
				INFOPLIST_FILE = iWeather/Info.plist;
				LD_RUNPATH_SEARCH_PATHS = (
					"$(inherited)",
					"@executable_path/Frameworks",
				);
				PRODUCT_BUNDLE_IDENTIFIER = iNoor.iWeather;
				PRODUCT_NAME = "$(TARGET_NAME)";
				SWIFT_VERSION = 5.0;
				TARGETED_DEVICE_FAMILY = "1,2";
			};
			name = Debug;
		};
		7CDEC5502624CFBD008289EF /* Release */ = {
			isa = XCBuildConfiguration;
			baseConfigurationReference = DCB17833E54D4F12FABB5EB6 /* Pods-iWeather.release.xcconfig */;
			buildSettings = {
				ASSETCATALOG_COMPILER_APPICON_NAME = AppIcon;
				ASSETCATALOG_COMPILER_GLOBAL_ACCENT_COLOR_NAME = AccentColor;
				CODE_SIGN_STYLE = Automatic;
				DEVELOPMENT_TEAM = NF6L68DRU6;
				INFOPLIST_FILE = iWeather/Info.plist;
				LD_RUNPATH_SEARCH_PATHS = (
					"$(inherited)",
					"@executable_path/Frameworks",
				);
				PRODUCT_BUNDLE_IDENTIFIER = iNoor.iWeather;
				PRODUCT_NAME = "$(TARGET_NAME)";
				SWIFT_VERSION = 5.0;
				TARGETED_DEVICE_FAMILY = "1,2";
			};
			name = Release;
		};
/* End XCBuildConfiguration section */

/* Begin XCConfigurationList section */
		7CDEC5352624CFBB008289EF /* Build configuration list for PBXProject "iWeather" */ = {
			isa = XCConfigurationList;
			buildConfigurations = (
				7CDEC54C2624CFBD008289EF /* Debug */,
				7CDEC54D2624CFBD008289EF /* Release */,
			);
			defaultConfigurationIsVisible = 0;
			defaultConfigurationName = Release;
		};
		7CDEC54E2624CFBD008289EF /* Build configuration list for PBXNativeTarget "iWeather" */ = {
			isa = XCConfigurationList;
			buildConfigurations = (
				7CDEC54F2624CFBD008289EF /* Debug */,
				7CDEC5502624CFBD008289EF /* Release */,
			);
			defaultConfigurationIsVisible = 0;
			defaultConfigurationName = Release;
		};
/* End XCConfigurationList section */
	};
	rootObject = 7CDEC5322624CFBB008289EF /* Project object */;
}
